
Microsoft Visual Studio Solution File, Format Version 12.00
# Visual Studio Version 17
VisualStudioVersion = 17.2.32516.85
MinimumVisualStudioVersion = 10.0.40219.1
Project("{9A19103F-16F7-4668-BE54-9A1E7A4F7556}") = "MVCdemo.Front", "MVCdemo.Front\MVCdemo.Front.csproj", "{3130FD6C-D4BB-4812-A8A7-93C1D411F80B}"
EndProject
Project("{FAE04EC0-301F-11D3-BF4B-00C04F79EFBC}") = "MVCdemo.Admin", "MVCdemo.Admin\MVCdemo.Admin.csproj", "{9B991A38-F068-4E82-9C07-7D439790863A}"
EndProject
Project("{FAE04EC0-301F-11D3-BF4B-00C04F79EFBC}") = "MVCdemo.Model", "MVCdemo.Model\MVCdemo.Model.csproj", "{4EC1754E-1B5E-429A-96AB-1EFF0FC47898}"
EndProject
Global
	GlobalSection(SolutionConfigurationPlatforms) = preSolution
		Debug|Any CPU = Debug|Any CPU
		Release|Any CPU = Release|Any CPU
	EndGlobalSection
	GlobalSection(ProjectConfigurationPlatforms) = postSolution
		{3130FD6C-D4BB-4812-A8A7-93C1D411F80B}.Debug|Any CPU.ActiveCfg = Debug|Any CPU
		{3130FD6C-D4BB-4812-A8A7-93C1D411F80B}.Debug|Any CPU.Build.0 = Debug|Any CPU
		{3130FD6C-D4BB-4812-A8A7-93C1D411F80B}.Release|Any CPU.ActiveCfg = Release|Any CPU
		{3130FD6C-D4BB-4812-A8A7-93C1D411F80B}.Release|Any CPU.Build.0 = Release|Any CPU
		{9B991A38-F068-4E82-9C07-7D439790863A}.Debug|Any CPU.ActiveCfg = Debug|Any CPU
		{9B991A38-F068-4E82-9C07-7D439790863A}.Debug|Any CPU.Build.0 = Debug|Any CPU
		{9B991A38-F068-4E82-9C07-7D439790863A}.Release|Any CPU.ActiveCfg = Release|Any CPU
		{9B991A38-F068-4E82-9C07-7D439790863A}.Release|Any CPU.Build.0 = Release|Any CPU
		{4EC1754E-1B5E-429A-96AB-1EFF0FC47898}.Debug|Any CPU.ActiveCfg = Debug|Any CPU
		{4EC1754E-1B5E-429A-96AB-1EFF0FC47898}.Debug|Any CPU.Build.0 = Debug|Any CPU
		{4EC1754E-1B5E-429A-96AB-1EFF0FC47898}.Release|Any CPU.ActiveCfg = Release|Any CPU
		{4EC1754E-1B5E-429A-96AB-1EFF0FC47898}.Release|Any CPU.Build.0 = Release|Any CPU
	EndGlobalSection
	GlobalSection(SolutionProperties) = preSolution
		HideSolutionNode = FALSE
	EndGlobalSection
	GlobalSection(ExtensibilityGlobals) = postSolution
		SolutionGuid = {D5F835D8-DA47-4CE2-A9BB-E67B2A11662F}
	EndGlobalSection
EndGlobal
